
Microsoft Visual Studio Solution File, Format Version 12.00
# Visual Studio Version 17
VisualStudioVersion = 17.14.36327.8
MinimumVisualStudioVersion = 10.0.40219.1
Project("{FAE04EC0-301F-11D3-BF4B-00C04F79EFBC}") = "SecurityCamera.Domain", "SecurityCamera.Domain\SecurityCamera.Domain.csproj", "{A1926742-663F-4CC0-8A84-6C003AFFE5CF}"
EndProject
Project("{FAE04EC0-301F-11D3-BF4B-00C04F79EFBC}") = "SecurityCamera.Infrastructure", "SecurityCamera.Infrastructure\SecurityCamera.Infrastructure.csproj", "{6DDF5274-9D0A-441B-A5AD-1FC68D94C884}"
EndProject
Project("{FAE04EC0-301F-11D3-BF4B-00C04F79EFBC}") = "SecurityCamera.Application", "SecurityCamera.Application\SecurityCamera.Application.csproj", "{FB082F17-20F2-468B-BCE8-5325F74EBA18}"
EndProject
Project("{FAE04EC0-301F-11D3-BF4B-00C04F79EFBC}") = "SecurityCamera.WebAPI", "SecurityCamera.WebAPI\SecurityCamera.WebAPI.csproj", "{FC23761F-0898-4994-8EDB-8EE5B630B90F}"
EndProject
Project("{FAE04EC0-301F-11D3-BF4B-00C04F79EFBC}") = "SecurityCamera.SearchConsole", "SecurityCamera.SearchConsole\SecurityCamera.SearchConsole.csproj", "{778A7373-016F-4D72-A86F-1DC296FE8AFF}"
EndProject
Global
	GlobalSection(SolutionConfigurationPlatforms) = preSolution
		Debug|Any CPU = Debug|Any CPU
		Release|Any CPU = Release|Any CPU
	EndGlobalSection
	GlobalSection(ProjectConfigurationPlatforms) = postSolution
		{A1926742-663F-4CC0-8A84-6C003AFFE5CF}.Debug|Any CPU.ActiveCfg = Debug|Any CPU
		{A1926742-663F-4CC0-8A84-6C003AFFE5CF}.Debug|Any CPU.Build.0 = Debug|Any CPU
		{A1926742-663F-4CC0-8A84-6C003AFFE5CF}.Release|Any CPU.ActiveCfg = Release|Any CPU
		{A1926742-663F-4CC0-8A84-6C003AFFE5CF}.Release|Any CPU.Build.0 = Release|Any CPU
		{6DDF5274-9D0A-441B-A5AD-1FC68D94C884}.Debug|Any CPU.ActiveCfg = Debug|Any CPU
		{6DDF5274-9D0A-441B-A5AD-1FC68D94C884}.Debug|Any CPU.Build.0 = Debug|Any CPU
		{6DDF5274-9D0A-441B-A5AD-1FC68D94C884}.Release|Any CPU.ActiveCfg = Release|Any CPU
		{6DDF5274-9D0A-441B-A5AD-1FC68D94C884}.Release|Any CPU.Build.0 = Release|Any CPU
		{FB082F17-20F2-468B-BCE8-5325F74EBA18}.Debug|Any CPU.ActiveCfg = Debug|Any CPU
		{FB082F17-20F2-468B-BCE8-5325F74EBA18}.Debug|Any CPU.Build.0 = Debug|Any CPU
		{FB082F17-20F2-468B-BCE8-5325F74EBA18}.Release|Any CPU.ActiveCfg = Release|Any CPU
		{FB082F17-20F2-468B-BCE8-5325F74EBA18}.Release|Any CPU.Build.0 = Release|Any CPU
		{FC23761F-0898-4994-8EDB-8EE5B630B90F}.Debug|Any CPU.ActiveCfg = Debug|Any CPU
		{FC23761F-0898-4994-8EDB-8EE5B630B90F}.Debug|Any CPU.Build.0 = Debug|Any CPU
		{FC23761F-0898-4994-8EDB-8EE5B630B90F}.Release|Any CPU.ActiveCfg = Release|Any CPU
		{FC23761F-0898-4994-8EDB-8EE5B630B90F}.Release|Any CPU.Build.0 = Release|Any CPU
		{778A7373-016F-4D72-A86F-1DC296FE8AFF}.Debug|Any CPU.ActiveCfg = Debug|Any CPU
		{778A7373-016F-4D72-A86F-1DC296FE8AFF}.Debug|Any CPU.Build.0 = Debug|Any CPU
		{778A7373-016F-4D72-A86F-1DC296FE8AFF}.Release|Any CPU.ActiveCfg = Release|Any CPU
		{778A7373-016F-4D72-A86F-1DC296FE8AFF}.Release|Any CPU.Build.0 = Release|Any CPU
	EndGlobalSection
	GlobalSection(SolutionProperties) = preSolution
		HideSolutionNode = FALSE
	EndGlobalSection
	GlobalSection(ExtensibilityGlobals) = postSolution
		SolutionGuid = {49B49406-5CF6-4718-B073-B557FFD2EC8F}
	EndGlobalSection
EndGlobal
